// !$*UTF8*$!
{
	archiveVersion = 1;
	classes = {
	};
	objectVersion = 46;
	objects = {

/* Begin PBXBuildFile section */
		71E68E7619C2BA710079CF95 /* AppDelegate.swift in Sources */ = {isa = PBXBuildFile; fileRef = 71E68E7519C2BA710079CF95 /* AppDelegate.swift */; };
		71E68E7819C2BA710079CF95 /* ViewController.swift in Sources */ = {isa = PBXBuildFile; fileRef = 71E68E7719C2BA710079CF95 /* ViewController.swift */; };
		71E68E7B19C2BA710079CF95 /* Main.storyboard in Resources */ = {isa = PBXBuildFile; fileRef = 71E68E7919C2BA710079CF95 /* Main.storyboard */; };
		71E68E7D19C2BA710079CF95 /* Images.xcassets in Resources */ = {isa = PBXBuildFile; fileRef = 71E68E7C19C2BA710079CF95 /* Images.xcassets */; };
		71E68E8919C2BA710079CF95 /* PostcardTests.swift in Sources */ = {isa = PBXBuildFile; fileRef = 71E68E8819C2BA710079CF95 /* PostcardTests.swift */; };
		71E68E9319C2C6AC0079CF95 /* sagrada-familia.jpg in Resources */ = {isa = PBXBuildFile; fileRef = 71E68E9219C2C6AC0079CF95 /* sagrada-familia.jpg */; };
		71E68E9519C2CD8A0079CF95 /* depositphotos_3661491-Russia---CIRCA-1979-A-stamp-Albert-Einstein.jpg in Resources */ = {isa = PBXBuildFile; fileRef = 71E68E9419C2CD8A0079CF95 /* depositphotos_3661491-Russia---CIRCA-1979-A-stamp-Albert-Einstein.jpg */; };
/* End PBXBuildFile section */

/* Begin PBXContainerItemProxy section */
		71E68E8319C2BA710079CF95 /* PBXContainerItemProxy */ = {
			isa = PBXContainerItemProxy;
			containerPortal = 71E68E6819C2BA710079CF95 /* Project object */;
			proxyType = 1;
			remoteGlobalIDString = 71E68E6F19C2BA710079CF95;
			remoteInfo = Postcard;
		};
/* End PBXContainerItemProxy section */

/* Begin PBXFileReference section */
		71E68E7019C2BA710079CF95 /* Postcard.app */ = {isa = PBXFileReference; explicitFileType = wrapper.application; includeInIndex = 0; path = Postcard.app; sourceTree = BUILT_PRODUCTS_DIR; };
		71E68E7419C2BA710079CF95 /* Info.plist */ = {isa = PBXFileReference; lastKnownFileType = text.plist.xml; path = Info.plist; sourceTree = "<group>"; };
		71E68E7519C2BA710079CF95 /* AppDelegate.swift */ = {isa = PBXFileReference; lastKnownFileType = sourcecode.swift; path = AppDelegate.swift; sourceTree = "<group>"; };
		71E68E7719C2BA710079CF95 /* ViewController.swift */ = {isa = PBXFileReference; lastKnownFileType = sourcecode.swift; path = ViewController.swift; sourceTree = "<group>"; };
		71E68E7A19C2BA710079CF95 /* Base */ = {isa = PBXFileReference; lastKnownFileType = file.storyboard; name = Base; path = Base.lproj/Main.storyboard; sourceTree = "<group>"; };
		71E68E7C19C2BA710079CF95 /* Images.xcassets */ = {isa = PBXFileReference; lastKnownFileType = folder.assetcatalog; path = Images.xcassets; sourceTree = "<group>"; };
		71E68E8219C2BA710079CF95 /* PostcardTests.xctest */ = {isa = PBXFileReference; explicitFileType = wrapper.cfbundle; includeInIndex = 0; path = PostcardTests.xctest; sourceTree = BUILT_PRODUCTS_DIR; };
		71E68E8719C2BA710079CF95 /* Info.plist */ = {isa = PBXFileReference; lastKnownFileType = text.plist.xml; path = Info.plist; sourceTree = "<group>"; };
		71E68E8819C2BA710079CF95 /* PostcardTests.swift */ = {isa = PBXFileReference; lastKnownFileType = sourcecode.swift; path = PostcardTests.swift; sourceTree = "<group>"; };
		71E68E9219C2C6AC0079CF95 /* sagrada-familia.jpg */ = {isa = PBXFileReference; lastKnownFileType = image.jpeg; path = "sagrada-familia.jpg"; sourceTree = "<group>"; };
		71E68E9419C2CD8A0079CF95 /* depositphotos_3661491-Russia---CIRCA-1979-A-stamp-Albert-Einstein.jpg */ = {isa = PBXFileReference; lastKnownFileType = image.jpeg; path = "depositphotos_3661491-Russia---CIRCA-1979-A-stamp-Albert-Einstein.jpg"; sourceTree = "<group>"; };
/* End PBXFileReference section */

/* Begin PBXFrameworksBuildPhase section */
		71E68E6D19C2BA710079CF95 /* Frameworks */ = {
			isa = PBXFrameworksBuildPhase;
			buildActionMask = 2147483647;
			files = (
			);
			runOnlyForDeploymentPostprocessing = 0;
		};
		71E68E7F19C2BA710079CF95 /* Frameworks */ = {
			isa = PBXFrameworksBuildPhase;
			buildActionMask = 2147483647;
			files = (
			);
			runOnlyForDeploymentPostprocessing = 0;
		};
/* End PBXFrameworksBuildPhase section */

/* Begin PBXGroup section */
		71E68E6719C2BA710079CF95 = {
			isa = PBXGroup;
			children = (
				71E68E7219C2BA710079CF95 /* Postcard */,
				71E68E8519C2BA710079CF95 /* PostcardTests */,
				71E68E7119C2BA710079CF95 /* Products */,
			);
			sourceTree = "<group>";
		};
		71E68E7119C2BA710079CF95 /* Products */ = {
			isa = PBXGroup;
			children = (
				71E68E7019C2BA710079CF95 /* Postcard.app */,
				71E68E8219C2BA710079CF95 /* PostcardTests.xctest */,
			);
			name = Products;
			sourceTree = "<group>";
		};
		71E68E7219C2BA710079CF95 /* Postcard */ = {
			isa = PBXGroup;
			children = (
				71E68E7519C2BA710079CF95 /* AppDelegate.swift */,
				71E68E7719C2BA710079CF95 /* ViewController.swift */,
				71E68E7919C2BA710079CF95 /* Main.storyboard */,
				71E68E7C19C2BA710079CF95 /* Images.xcassets */,
				71E68E7319C2BA710079CF95 /* Supporting Files */,
			);
			path = Postcard;
			sourceTree = "<group>";
		};
		71E68E7319C2BA710079CF95 /* Supporting Files */ = {
			isa = PBXGroup;
			children = (
				71E68E9419C2CD8A0079CF95 /* depositphotos_3661491-Russia---CIRCA-1979-A-stamp-Albert-Einstein.jpg */,
				71E68E9219C2C6AC0079CF95 /* sagrada-familia.jpg */,
				71E68E7419C2BA710079CF95 /* Info.plist */,
			);
			name = "Supporting Files";
			sourceTree = "<group>";
		};
		71E68E8519C2BA710079CF95 /* PostcardTests */ = {
			isa = PBXGroup;
			children = (
				71E68E8819C2BA710079CF95 /* PostcardTests.swift */,
				71E68E8619C2BA710079CF95 /* Supporting Files */,
			);
			path = PostcardTests;
			sourceTree = "<group>";
		};
		71E68E8619C2BA710079CF95 /* Supporting Files */ = {
			isa = PBXGroup;
			children = (
				71E68E8719C2BA710079CF95 /* Info.plist */,
			);
			name = "Supporting Files";
			sourceTree = "<group>";
		};
/* End PBXGroup section */

/* Begin PBXNativeTarget section */
		71E68E6F19C2BA710079CF95 /* Postcard */ = {
			isa = PBXNativeTarget;
			buildConfigurationList = 71E68E8C19C2BA710079CF95 /* Build configuration list for PBXNativeTarget "Postcard" */;
			buildPhases = (
				71E68E6C19C2BA710079CF95 /* Sources */,
				71E68E6D19C2BA710079CF95 /* Frameworks */,
				71E68E6E19C2BA710079CF95 /* Resources */,
			);
			buildRules = (
			);
			dependencies = (
			);
			name = Postcard;
			productName = Postcard;
			productReference = 71E68E7019C2BA710079CF95 /* Postcard.app */;
			productType = "com.apple.product-type.application";
		};
		71E68E8119C2BA710079CF95 /* PostcardTests */ = {
			isa = PBXNativeTarget;
			buildConfigurationList = 71E68E8F19C2BA710079CF95 /* Build configuration list for PBXNativeTarget "PostcardTests" */;
			buildPhases = (
				71E68E7E19C2BA710079CF95 /* Sources */,
				71E68E7F19C2BA710079CF95 /* Frameworks */,
				71E68E8019C2BA710079CF95 /* Resources */,
			);
			buildRules = (
			);
			dependencies = (
				71E68E8419C2BA710079CF95 /* PBXTargetDependency */,
			);
			name = PostcardTests;
			productName = PostcardTests;
			productReference = 71E68E8219C2BA710079CF95 /* PostcardTests.xctest */;
			productType = "com.apple.product-type.bundle.unit-test";
		};
/* End PBXNativeTarget section */

/* Begin PBXProject section */
		71E68E6819C2BA710079CF95 /* Project object */ = {
			isa = PBXProject;
			attributes = {
				LastUpgradeCheck = 0600;
				ORGANIZATIONNAME = rabTAI;
				TargetAttributes = {
					71E68E6F19C2BA710079CF95 = {
						CreatedOnToolsVersion = 6.0;
					};
					71E68E8119C2BA710079CF95 = {
						CreatedOnToolsVersion = 6.0;
						TestTargetID = 71E68E6F19C2BA710079CF95;
					};
				};
			};
			buildConfigurationList = 71E68E6B19C2BA710079CF95 /* Build configuration list for PBXProject "Postcard" */;
			compatibilityVersion = "Xcode 3.2";
			developmentRegion = English;
			hasScannedForEncodings = 0;
			knownRegions = (
				en,
				Base,
			);
			mainGroup = 71E68E6719C2BA710079CF95;
			productRefGroup = 71E68E7119C2BA710079CF95 /* Products */;
			projectDirPath = "";
			projectRoot = "";
			targets = (
				71E68E6F19C2BA710079CF95 /* Postcard */,
				71E68E8119C2BA710079CF95 /* PostcardTests */,
			);
		};
/* End PBXProject section */

/* Begin PBXResourcesBuildPhase section */
		71E68E6E19C2BA710079CF95 /* Resources */ = {
			isa = PBXResourcesBuildPhase;
			buildActionMask = 2147483647;
			files = (
				71E68E7B19C2BA710079CF95 /* Main.storyboard in Resources */,
				71E68E9519C2CD8A0079CF95 /* depositphotos_3661491-Russia---CIRCA-1979-A-stamp-Albert-Einstein.jpg in Resources */,
				71E68E7D19C2BA710079CF95 /* Images.xcassets in Resources */,
				71E68E9319C2C6AC0079CF95 /* sagrada-familia.jpg in Resources */,
			);
			runOnlyForDeploymentPostprocessing = 0;
		};
		71E68E8019C2BA710079CF95 /* Resources */ = {
			isa = PBXResourcesBuildPhase;
			buildActionMask = 2147483647;
			files = (
			);
			runOnlyForDeploymentPostprocessing = 0;
		};
/* End PBXResourcesBuildPhase section */

/* Begin PBXSourcesBuildPhase section */
		71E68E6C19C2BA710079CF95 /* Sources */ = {
			isa = PBXSourcesBuildPhase;
			buildActionMask = 2147483647;
			files = (
				71E68E7819C2BA710079CF95 /* ViewController.swift in Sources */,
				71E68E7619C2BA710079CF95 /* AppDelegate.swift in Sources */,
			);
			runOnlyForDeploymentPostprocessing = 0;
		};
		71E68E7E19C2BA710079CF95 /* Sources */ = {
			isa = PBXSourcesBuildPhase;
			buildActionMask = 2147483647;
			files = (
				71E68E8919C2BA710079CF95 /* PostcardTests.swift in Sources */,
			);
			runOnlyForDeploymentPostprocessing = 0;
		};
/* End PBXSourcesBuildPhase section */

/* Begin PBXTargetDependency section */
		71E68E8419C2BA710079CF95 /* PBXTargetDependency */ = {
			isa = PBXTargetDependency;
			target = 71E68E6F19C2BA710079CF95 /* Postcard */;
			targetProxy = 71E68E8319C2BA710079CF95 /* PBXContainerItemProxy */;
		};
/* End PBXTargetDependency section */

/* Begin PBXVariantGroup section */
		71E68E7919C2BA710079CF95 /* Main.storyboard */ = {
			isa = PBXVariantGroup;
			children = (
				71E68E7A19C2BA710079CF95 /* Base */,
			);
			name = Main.storyboard;
			sourceTree = "<group>";
		};
/* End PBXVariantGroup section */

/* Begin XCBuildConfiguration section */
		71E68E8A19C2BA710079CF95 /* Debug */ = {
			isa = XCBuildConfiguration;
			buildSettings = {
				ALWAYS_SEARCH_USER_PATHS = NO;
				CLANG_CXX_LANGUAGE_STANDARD = "gnu++0x";
				CLANG_CXX_LIBRARY = "libc++";
				CLANG_ENABLE_MODULES = YES;
				CLANG_ENABLE_OBJC_ARC = YES;
				CLANG_WARN_BOOL_CONVERSION = YES;
				CLANG_WARN_CONSTANT_CONVERSION = YES;
				CLANG_WARN_DIRECT_OBJC_ISA_USAGE = YES_ERROR;
				CLANG_WARN_EMPTY_BODY = YES;
				CLANG_WARN_ENUM_CONVERSION = YES;
				CLANG_WARN_INT_CONVERSION = YES;
				CLANG_WARN_OBJC_ROOT_CLASS = YES_ERROR;
				CLANG_WARN_UNREACHABLE_CODE = YES;
				CLANG_WARN__DUPLICATE_METHOD_MATCH = YES;
				"CODE_SIGN_IDENTITY[sdk=iphoneos*]" = "iPhone Developer";
				COPY_PHASE_STRIP = NO;
				ENABLE_STRICT_OBJC_MSGSEND = YES;
				GCC_C_LANGUAGE_STANDARD = gnu99;
				GCC_DYNAMIC_NO_PIC = NO;
				GCC_OPTIMIZATION_LEVEL = 0;
				GCC_PREPROCESSOR_DEFINITIONS = (
					"DEBUG=1",
					"$(inherited)",
				);
				GCC_SYMBOLS_PRIVATE_EXTERN = NO;
				GCC_WARN_64_TO_32_BIT_CONVERSION = YES;
				GCC_WARN_ABOUT_RETURN_TYPE = YES_ERROR;
				GCC_WARN_UNDECLARED_SELECTOR = YES;
				GCC_WARN_UNINITIALIZED_AUTOS = YES_AGGRESSIVE;
				GCC_WARN_UNUSED_FUNCTION = YES;
				GCC_WARN_UNUSED_VARIABLE = YES;
				IPHONEOS_DEPLOYMENT_TARGET = 8.0;
				MTL_ENABLE_DEBUG_INFO = YES;
				ONLY_ACTIVE_ARCH = YES;
				SDKROOT = iphoneos;
				SWIFT_OPTIMIZATION_LEVEL = "-Onone";
			};
			name = Debug;
		};
		71E68E8B19C2BA710079CF95 /* Release */ = {
			isa = XCBuildConfiguration;
			buildSettings = {
				ALWAYS_SEARCH_USER_PATHS = NO;
				CLANG_CXX_LANGUAGE_STANDARD = "gnu++0x";
				CLANG_CXX_LIBRARY = "libc++";
				CLANG_ENABLE_MODULES = YES;
				CLANG_ENABLE_OBJC_ARC = YES;
				CLANG_WARN_BOOL_CONVERSION = YES;
				CLANG_WARN_CONSTANT_CONVERSION = YES;
				CLANG_WARN_DIRECT_OBJC_ISA_USAGE = YES_ERROR;
				CLANG_WARN_EMPTY_BODY = YES;
				CLANG_WARN_ENUM_CONVERSION = YES;
				CLANG_WARN_INT_CONVERSION = YES;
				CLANG_WARN_OBJC_ROOT_CLASS = YES_ERROR;
				CLANG_WARN_UNREACHABLE_CODE = YES;
				CLANG_WARN__DUPLICATE_METHOD_MATCH = YES;
				"CODE_SIGN_IDENTITY[sdk=iphoneos*]" = "iPhone Developer";
				COPY_PHASE_STRIP = YES;
				ENABLE_NS_ASSERTIONS = NO;
				ENABLE_STRICT_OBJC_MSGSEND = YES;
				GCC_C_LANGUAGE_STANDARD = gnu99;
				GCC_WARN_64_TO_32_BIT_CONVERSION = YES;
				GCC_WARN_ABOUT_RETURN_TYPE = YES_ERROR;
				GCC_WARN_UNDECLARED_SELECTOR = YES;
				GCC_WARN_UNINITIALIZED_AUTOS = YES_AGGRESSIVE;
				GCC_WARN_UNUSED_FUNCTION = YES;
				GCC_WARN_UNUSED_VARIABLE = YES;
				IPHONEOS_DEPLOYMENT_TARGET = 8.0;
				MTL_ENABLE_DEBUG_INFO = NO;
				SDKROOT = iphoneos;
				VALIDATE_PRODUCT = YES;
			};
			name = Release;
		};
		71E68E8D19C2BA710079CF95 /* Debug */ = {
			isa = XCBuildConfiguration;
			buildSettings = {
				ASSETCATALOG_COMPILER_APPICON_NAME = AppIcon;
				ASSETCATALOG_COMPILER_LAUNCHIMAGE_NAME = LaunchImage;
				INFOPLIST_FILE = Postcard/Info.plist;
				LD_RUNPATH_SEARCH_PATHS = "$(inherited) @executable_path/Frameworks";
				PRODUCT_NAME = "$(TARGET_NAME)";
			};
			name = Debug;
		};
		71E68E8E19C2BA710079CF95 /* Release */ = {
			isa = XCBuildConfiguration;
			buildSettings = {
				ASSETCATALOG_COMPILER_APPICON_NAME = AppIcon;
				ASSETCATALOG_COMPILER_LAUNCHIMAGE_NAME = LaunchImage;
				INFOPLIST_FILE = Postcard/Info.plist;
				LD_RUNPATH_SEARCH_PATHS = "$(inherited) @executable_path/Frameworks";
				PRODUCT_NAME = "$(TARGET_NAME)";
			};
			name = Release;
		};
		71E68E9019C2BA710079CF95 /* Debug */ = {
			isa = XCBuildConfiguration;
			buildSettings = {
				BUNDLE_LOADER = "$(TEST_HOST)";
				FRAMEWORK_SEARCH_PATHS = (
					"$(SDKROOT)/Developer/Library/Frameworks",
					"$(inherited)",
				);
				GCC_PREPROCESSOR_DEFINITIONS = (
					"DEBUG=1",
					"$(inherited)",
				);
				INFOPLIST_FILE = PostcardTests/Info.plist;
				LD_RUNPATH_SEARCH_PATHS = "$(inherited) @executable_path/Frameworks @loader_path/Frameworks";
				PRODUCT_NAME = "$(TARGET_NAME)";
				TEST_HOST = "$(BUILT_PRODUCTS_DIR)/Postcard.app/Postcard";
			};
			name = Debug;
		};
		71E68E9119C2BA710079CF95 /* Release */ = {
			isa = XCBuildConfiguration;
			buildSettings = {
				BUNDLE_LOADER = "$(TEST_HOST)";
				FRAMEWORK_SEARCH_PATHS = (
					"$(SDKROOT)/Developer/Library/Frameworks",
					"$(inherited)",
				);
				INFOPLIST_FILE = PostcardTests/Info.plist;
				LD_RUNPATH_SEARCH_PATHS = "$(inherited) @executable_path/Frameworks @loader_path/Frameworks";
				PRODUCT_NAME = "$(TARGET_NAME)";
				TEST_HOST = "$(BUILT_PRODUCTS_DIR)/Postcard.app/Postcard";
			};
			name = Release;
		};
/* End XCBuildConfiguration section */

/* Begin XCConfigurationList section */
		71E68E6B19C2BA710079CF95 /* Build configuration list for PBXProject "Postcard" */ = {
			isa = XCConfigurationList;
			buildConfigurations = (
				71E68E8A19C2BA710079CF95 /* Debug */,
				71E68E8B19C2BA710079CF95 /* Release */,
			);
			defaultConfigurationIsVisible = 0;
			defaultConfigurationName = Release;
		};
		71E68E8C19C2BA710079CF95 /* Build configuration list for PBXNativeTarget "Postcard" */ = {
			isa = XCConfigurationList;
			buildConfigurations = (
				71E68E8D19C2BA710079CF95 /* Debug */,
				71E68E8E19C2BA710079CF95 /* Release */,
			);
			defaultConfigurationIsVisible = 0;
		};
		71E68E8F19C2BA710079CF95 /* Build configuration list for PBXNativeTarget "PostcardTests" */ = {
			isa = XCConfigurationList;
			buildConfigurations = (
				71E68E9019C2BA710079CF95 /* Debug */,
				71E68E9119C2BA710079CF95 /* Release */,
			);
			defaultConfigurationIsVisible = 0;
		};
/* End XCConfigurationList section */
	};
	rootObject = 71E68E6819C2BA710079CF95 /* Project object */;
}
